
Microsoft Visual Studio Solution File, Format Version 12.00
# Visual Studio Version 16
VisualStudioVersion = 16.0.29409.12
MinimumVisualStudioVersion = 10.0.40219.1
Project("{FAE04EC0-301F-11D3-BF4B-00C04F79EFBC}") = "AutomateBitlockerPlugin", "AutomateBitlockerPlugin\AutomateBitlockerPlugin.csproj", "{B8A650C2-A593-45D4-BFF5-5C82B1103B54}"
EndProject
Project("{FAE04EC0-301F-11D3-BF4B-00C04F79EFBC}") = "GPOTesting", "GPOTesting\GPOTesting.csproj", "{D97F8C0F-EBA6-4C51-ADA9-FB37C22237EF}"
EndProject
Global
	GlobalSection(SolutionConfigurationPlatforms) = preSolution
		Debug|Any CPU = Debug|Any CPU
		Release|Any CPU = Release|Any CPU
	EndGlobalSection
	GlobalSection(ProjectConfigurationPlatforms) = postSolution
		{B8A650C2-A593-45D4-BFF5-5C82B1103B54}.Debug|Any CPU.ActiveCfg = Debug|Any CPU
		{B8A650C2-A593-45D4-BFF5-5C82B1103B54}.Debug|Any CPU.Build.0 = Debug|Any CPU
		{B8A650C2-A593-45D4-BFF5-5C82B1103B54}.Release|Any CPU.ActiveCfg = Release|Any CPU
		{B8A650C2-A593-45D4-BFF5-5C82B1103B54}.Release|Any CPU.Build.0 = Release|Any CPU
		{D97F8C0F-EBA6-4C51-ADA9-FB37C22237EF}.Debug|Any CPU.ActiveCfg = Debug|Any CPU
		{D97F8C0F-EBA6-4C51-ADA9-FB37C22237EF}.Debug|Any CPU.Build.0 = Debug|Any CPU
		{D97F8C0F-EBA6-4C51-ADA9-FB37C22237EF}.Release|Any CPU.ActiveCfg = Release|Any CPU
		{D97F8C0F-EBA6-4C51-ADA9-FB37C22237EF}.Release|Any CPU.Build.0 = Release|Any CPU
	EndGlobalSection
	GlobalSection(SolutionProperties) = preSolution
		HideSolutionNode = FALSE
	EndGlobalSection
	GlobalSection(ExtensibilityGlobals) = postSolution
		SolutionGuid = {0389F6A1-D391-40EF-A7CE-23F5B19D89AD}
	EndGlobalSection
EndGlobal
